
Microsoft Visual Studio Solution File, Format Version 12.00
# Visual Studio Version 16
VisualStudioVersion = 16.0.34601.136
MinimumVisualStudioVersion = 10.0.40219.1
Project("{FAE04EC0-301F-11D3-BF4B-00C04F79EFBC}") = "Task_B", "Task_B\Task_B.csproj", "{0DA73C49-44CB-420D-B138-14A60260996E}"
EndProject
Global
	GlobalSection(SolutionConfigurationPlatforms) = preSolution
		Debug|Any CPU = Debug|Any CPU
		Release|Any CPU = Release|Any CPU
	EndGlobalSection
	GlobalSection(ProjectConfigurationPlatforms) = postSolution
		{0DA73C49-44CB-420D-B138-14A60260996E}.Debug|Any CPU.ActiveCfg = Debug|Any CPU
		{0DA73C49-44CB-420D-B138-14A60260996E}.Debug|Any CPU.Build.0 = Debug|Any CPU
		{0DA73C49-44CB-420D-B138-14A60260996E}.Release|Any CPU.ActiveCfg = Release|Any CPU
		{0DA73C49-44CB-420D-B138-14A60260996E}.Release|Any CPU.Build.0 = Release|Any CPU
	EndGlobalSection
	GlobalSection(SolutionProperties) = preSolution
		HideSolutionNode = FALSE
	EndGlobalSection
	GlobalSection(ExtensibilityGlobals) = postSolution
		SolutionGuid = {1A050DB6-515E-4E43-9986-74015B559BB2}
	EndGlobalSection
EndGlobal
