
Microsoft Visual Studio Solution File, Format Version 12.00
# Visual Studio Version 16
VisualStudioVersion = 16.0.34601.136
MinimumVisualStudioVersion = 10.0.40219.1
Project("{FAE04EC0-301F-11D3-BF4B-00C04F79EFBC}") = "Task_D", "Task_D\Task_D.csproj", "{2E8D9B52-41BE-4930-88BD-9ED6E2F6DFFF}"
EndProject
Global
	GlobalSection(SolutionConfigurationPlatforms) = preSolution
		Debug|Any CPU = Debug|Any CPU
		Release|Any CPU = Release|Any CPU
	EndGlobalSection
	GlobalSection(ProjectConfigurationPlatforms) = postSolution
		{2E8D9B52-41BE-4930-88BD-9ED6E2F6DFFF}.Debug|Any CPU.ActiveCfg = Debug|Any CPU
		{2E8D9B52-41BE-4930-88BD-9ED6E2F6DFFF}.Debug|Any CPU.Build.0 = Debug|Any CPU
		{2E8D9B52-41BE-4930-88BD-9ED6E2F6DFFF}.Release|Any CPU.ActiveCfg = Release|Any CPU
		{2E8D9B52-41BE-4930-88BD-9ED6E2F6DFFF}.Release|Any CPU.Build.0 = Release|Any CPU
	EndGlobalSection
	GlobalSection(SolutionProperties) = preSolution
		HideSolutionNode = FALSE
	EndGlobalSection
	GlobalSection(ExtensibilityGlobals) = postSolution
		SolutionGuid = {38FF6658-B652-4F3F-8661-E71575BCDAA5}
	EndGlobalSection
EndGlobal
